PATH
  remote: /data/code/travis-sample
  specs:
    travis-sample (0.1.0)

GEM
  remote: https://rubygems.org/
  specs:
    ast (2.2.0)
    codecov (0.1.4)
      json
      simplecov
      url
    docile (1.1.5)
    ghpages_deploy (1.0.0)
      bundler (>= 1.11.2)
    json (1.8.3)
    kramdown (1.9.0)
    minitest (5.8.4)
    parser (2.3.0.2)
      ast (~> 2.2)
    powerpack (0.1.1)
    rainbow (2.1.0)
    rake (10.5.0)
    rubocop (0.36.0)
      parser (>= 2.3.0.0, < 3.0)
      powerpack (~> 0.1)
      rainbow (>= 1.99.1, < 3.0)
      ruby-progressbar (~> 1.7)
    ruby-progressbar (1.7.5)
    simplecov (0.11.1)
      docile (~> 1.1.0)
      json (~> 1.8)
      simplecov-html (~> 0.10.0)
    simplecov-html (0.10.0)
    url (0.3.2)
    yard (0.8.7.6)

PLATFORMS
  ruby

DEPENDENCIES
  codecov
  ghpages_deploy
  kramdown
  minitest
  rake
  rubocop (>= 0.36.0)
  simplecov
  travis-sample!
  yard (> 0.7)

BUNDLED WITH
   1.11.2
